
Microsoft Visual Studio Solution File, Format Version 12.00
# Visual Studio 15
VisualStudioVersion = 15.0.27004.2008
MinimumVisualStudioVersion = 10.0.40219.1
Project("{FAE04EC0-301F-11D3-BF4B-00C04F79EFBC}") = "HW4_5", "HW4_5\HW4_5.csproj", "{30F00455-38D3-413B-9353-7FAE10AFE252}"
EndProject
Project("{FAE04EC0-301F-11D3-BF4B-00C04F79EFBC}") = "HW4_4", "HW4_4\HW4_4.csproj", "{CAEEDD71-8EA3-4454-A88F-8F6CF0310AD7}"
EndProject
Project("{FAE04EC0-301F-11D3-BF4B-00C04F79EFBC}") = "HW4_6", "HW4_6\HW4_6.csproj", "{379C26BA-C50D-4477-9D57-F4BC0A339F56}"
EndProject
Project("{FAE04EC0-301F-11D3-BF4B-00C04F79EFBC}") = "HW4_1", "HW4_1\HW4_1.csproj", "{4A86E6A5-5072-4C92-B08E-78CABBCFB7BE}"
EndProject
Global
	GlobalSection(SolutionConfigurationPlatforms) = preSolution
		Debug|Any CPU = Debug|Any CPU
		Release|Any CPU = Release|Any CPU
	EndGlobalSection
	GlobalSection(ProjectConfigurationPlatforms) = postSolution
		{30F00455-38D3-413B-9353-7FAE10AFE252}.Debug|Any CPU.ActiveCfg = Debug|Any CPU
		{30F00455-38D3-413B-9353-7FAE10AFE252}.Debug|Any CPU.Build.0 = Debug|Any CPU
		{30F00455-38D3-413B-9353-7FAE10AFE252}.Release|Any CPU.ActiveCfg = Release|Any CPU
		{30F00455-38D3-413B-9353-7FAE10AFE252}.Release|Any CPU.Build.0 = Release|Any CPU
		{CAEEDD71-8EA3-4454-A88F-8F6CF0310AD7}.Debug|Any CPU.ActiveCfg = Debug|Any CPU
		{CAEEDD71-8EA3-4454-A88F-8F6CF0310AD7}.Debug|Any CPU.Build.0 = Debug|Any CPU
		{CAEEDD71-8EA3-4454-A88F-8F6CF0310AD7}.Release|Any CPU.ActiveCfg = Release|Any CPU
		{CAEEDD71-8EA3-4454-A88F-8F6CF0310AD7}.Release|Any CPU.Build.0 = Release|Any CPU
		{379C26BA-C50D-4477-9D57-F4BC0A339F56}.Debug|Any CPU.ActiveCfg = Debug|Any CPU
		{379C26BA-C50D-4477-9D57-F4BC0A339F56}.Debug|Any CPU.Build.0 = Debug|Any CPU
		{379C26BA-C50D-4477-9D57-F4BC0A339F56}.Release|Any CPU.ActiveCfg = Release|Any CPU
		{379C26BA-C50D-4477-9D57-F4BC0A339F56}.Release|Any CPU.Build.0 = Release|Any CPU
		{4A86E6A5-5072-4C92-B08E-78CABBCFB7BE}.Debug|Any CPU.ActiveCfg = Debug|Any CPU
		{4A86E6A5-5072-4C92-B08E-78CABBCFB7BE}.Debug|Any CPU.Build.0 = Debug|Any CPU
		{4A86E6A5-5072-4C92-B08E-78CABBCFB7BE}.Release|Any CPU.ActiveCfg = Release|Any CPU
		{4A86E6A5-5072-4C92-B08E-78CABBCFB7BE}.Release|Any CPU.Build.0 = Release|Any CPU
	EndGlobalSection
	GlobalSection(SolutionProperties) = preSolution
		HideSolutionNode = FALSE
	EndGlobalSection
	GlobalSection(ExtensibilityGlobals) = postSolution
		SolutionGuid = {9EB5486A-DF24-446D-BE04-A9092A82BEA7}
	EndGlobalSection
EndGlobal
