
Microsoft Visual Studio Solution File, Format Version 12.00
# Visual Studio 15
VisualStudioVersion = 15.0.27004.2006
MinimumVisualStudioVersion = 10.0.40219.1
Project("{FAE04EC0-301F-11D3-BF4B-00C04F79EFBC}") = "HW1_3", "HW1_3\HW1_3.csproj", "{8D08D96C-7FD6-4F10-ADA6-C8A1CBEF7526}"
EndProject
Project("{FAE04EC0-301F-11D3-BF4B-00C04F79EFBC}") = "HW1_4", "HW1_4\HW1_4.csproj", "{DD53A74E-53F5-49CD-823F-BD934599BF0F}"
EndProject
Project("{FAE04EC0-301F-11D3-BF4B-00C04F79EFBC}") = "HW1_5", "HW1_5\HW1_5.csproj", "{395A1AA2-2202-4503-AA0A-E74A4F8FBD2C}"
EndProject
Project("{FAE04EC0-301F-11D3-BF4B-00C04F79EFBC}") = "HW1_6", "HW1_6\HW1_6.csproj", "{927560F9-F09C-4D0F-A88B-E6908762A436}"
EndProject
Global
	GlobalSection(SolutionConfigurationPlatforms) = preSolution
		Debug|Any CPU = Debug|Any CPU
		Release|Any CPU = Release|Any CPU
	EndGlobalSection
	GlobalSection(ProjectConfigurationPlatforms) = postSolution
		{8D08D96C-7FD6-4F10-ADA6-C8A1CBEF7526}.Debug|Any CPU.ActiveCfg = Debug|Any CPU
		{8D08D96C-7FD6-4F10-ADA6-C8A1CBEF7526}.Debug|Any CPU.Build.0 = Debug|Any CPU
		{8D08D96C-7FD6-4F10-ADA6-C8A1CBEF7526}.Release|Any CPU.ActiveCfg = Release|Any CPU
		{8D08D96C-7FD6-4F10-ADA6-C8A1CBEF7526}.Release|Any CPU.Build.0 = Release|Any CPU
		{DD53A74E-53F5-49CD-823F-BD934599BF0F}.Debug|Any CPU.ActiveCfg = Debug|Any CPU
		{DD53A74E-53F5-49CD-823F-BD934599BF0F}.Debug|Any CPU.Build.0 = Debug|Any CPU
		{DD53A74E-53F5-49CD-823F-BD934599BF0F}.Release|Any CPU.ActiveCfg = Release|Any CPU
		{DD53A74E-53F5-49CD-823F-BD934599BF0F}.Release|Any CPU.Build.0 = Release|Any CPU
		{395A1AA2-2202-4503-AA0A-E74A4F8FBD2C}.Debug|Any CPU.ActiveCfg = Debug|Any CPU
		{395A1AA2-2202-4503-AA0A-E74A4F8FBD2C}.Debug|Any CPU.Build.0 = Debug|Any CPU
		{395A1AA2-2202-4503-AA0A-E74A4F8FBD2C}.Release|Any CPU.ActiveCfg = Release|Any CPU
		{395A1AA2-2202-4503-AA0A-E74A4F8FBD2C}.Release|Any CPU.Build.0 = Release|Any CPU
		{927560F9-F09C-4D0F-A88B-E6908762A436}.Debug|Any CPU.ActiveCfg = Debug|Any CPU
		{927560F9-F09C-4D0F-A88B-E6908762A436}.Debug|Any CPU.Build.0 = Debug|Any CPU
		{927560F9-F09C-4D0F-A88B-E6908762A436}.Release|Any CPU.ActiveCfg = Release|Any CPU
		{927560F9-F09C-4D0F-A88B-E6908762A436}.Release|Any CPU.Build.0 = Release|Any CPU
	EndGlobalSection
	GlobalSection(SolutionProperties) = preSolution
		HideSolutionNode = FALSE
	EndGlobalSection
	GlobalSection(ExtensibilityGlobals) = postSolution
		SolutionGuid = {CB0A102B-1EC7-49A5-94F5-4265B33DAA93}
	EndGlobalSection
EndGlobal
