
Microsoft Visual Studio Solution File, Format Version 12.00
# Visual Studio 15
VisualStudioVersion = 15.0.27004.2009
MinimumVisualStudioVersion = 10.0.40219.1
Project("{FAE04EC0-301F-11D3-BF4B-00C04F79EFBC}") = "HW7_3", "HW7_3\HW7_3.csproj", "{F493C071-7835-4D07-926F-991B7F7B4CC3}"
EndProject
Project("{FAE04EC0-301F-11D3-BF4B-00C04F79EFBC}") = "HW7_1", "HW7_1\HW7_1.csproj", "{6664390E-A847-4638-8D9A-15F59FDEF9AE}"
EndProject
Global
	GlobalSection(SolutionConfigurationPlatforms) = preSolution
		Debug|Any CPU = Debug|Any CPU
		Release|Any CPU = Release|Any CPU
	EndGlobalSection
	GlobalSection(ProjectConfigurationPlatforms) = postSolution
		{F493C071-7835-4D07-926F-991B7F7B4CC3}.Debug|Any CPU.ActiveCfg = Debug|Any CPU
		{F493C071-7835-4D07-926F-991B7F7B4CC3}.Debug|Any CPU.Build.0 = Debug|Any CPU
		{F493C071-7835-4D07-926F-991B7F7B4CC3}.Release|Any CPU.ActiveCfg = Release|Any CPU
		{F493C071-7835-4D07-926F-991B7F7B4CC3}.Release|Any CPU.Build.0 = Release|Any CPU
		{6664390E-A847-4638-8D9A-15F59FDEF9AE}.Debug|Any CPU.ActiveCfg = Debug|Any CPU
		{6664390E-A847-4638-8D9A-15F59FDEF9AE}.Debug|Any CPU.Build.0 = Debug|Any CPU
		{6664390E-A847-4638-8D9A-15F59FDEF9AE}.Release|Any CPU.ActiveCfg = Release|Any CPU
		{6664390E-A847-4638-8D9A-15F59FDEF9AE}.Release|Any CPU.Build.0 = Release|Any CPU
	EndGlobalSection
	GlobalSection(SolutionProperties) = preSolution
		HideSolutionNode = FALSE
	EndGlobalSection
	GlobalSection(ExtensibilityGlobals) = postSolution
		SolutionGuid = {A25CDAFA-677D-4036-8142-B37699859DF3}
	EndGlobalSection
EndGlobal
